<?xml version="1.0" encoding="UTF-8"?>
<Scheme
   LastUpgradeVersion = "1540"
   version = "1.7">
   <BuildAction
      parallelizeBuildables = "YES"
      buildImplicitDependencies = "YES">
      <BuildActionEntries>
         <BuildActionEntry
            buildForTesting = "YES"
            buildForRunning = "YES"
            buildForProfiling = "YES"
            buildForArchiving = "YES"
            buildForAnalyzing = "YES">
            <BuildableReference
               BuildableIdentifier = "primary"
               BlueprintIdentifier = "B00E11202A2F1E7D000EE804"
               BuildableName = "Concentration-Storyboard.app"
               BlueprintName = "Concentration-Storyboard"
               ReferencedContainer = "container:FlipMe-OpenSourcePart.xcodeproj">
            </BuildableReference>
         </BuildActionEntry>
      </BuildActionEntries>
   </BuildAction>
   <TestAction
      buildConfiguration = "Debug"
      selectedDebuggerIdentifier = "Xcode.DebuggerFoundation.Debugger.LLDB"
      selectedLauncherIdentifier = "Xcode.DebuggerFoundation.Launcher.LLDB"
      shouldUseLaunchSchemeArgsEnv = "YES">
      <TestPlans>
         <TestPlanReference
            reference = "container:Concentration-StoryboardTests/UnitTests.xctestplan"
            default = "YES">
         </TestPlanReference>
      </TestPlans>
      <Testables>
         <TestableReference
            skipped = "NO"
            parallelizable = "YES">
            <BuildableReference
               BuildableIdentifier = "primary"
               BlueprintIdentifier = "B00E11362A2F1E7E000EE804"
               BuildableName = "Concentration-StoryboardTests.xctest"
               BlueprintName = "Concentration-StoryboardTests"
               ReferencedContainer = "container:FlipMe-OpenSourcePart.xcodeproj">
            </BuildableReference>
         </TestableReference>
         <TestableReference
            skipped = "YES"
            parallelizable = "YES">
            <BuildableReference
               BuildableIdentifier = "primary"
               BlueprintIdentifier = "B00E11402A2F1E7E000EE804"
               BuildableName = "Concentration-StoryboardUITests.xctest"
               BlueprintName = "Concentration-StoryboardUITests"
               ReferencedContainer = "container:FlipMe-OpenSourcePart.xcodeproj">
            </BuildableReference>
         </TestableReference>
         <TestableReference
            skipped = "YES"
            parallelizable = "YES">
            <BuildableReference
               BuildableIdentifier = "primary"
               BlueprintIdentifier = "B0EB12002AC56A4D00F2C055"
               BuildableName = "KDMemory-UIElementsTests.xctest"
               BlueprintName = "KDMemory-UIElementsTests"
               ReferencedContainer = "container:FlipMe-OpenSourcePart.xcodeproj">
            </BuildableReference>
         </TestableReference>
      </Testables>
   </TestAction>
   <LaunchAction
      buildConfiguration = "Debug"
      selectedDebuggerIdentifier = "Xcode.DebuggerFoundation.Debugger.LLDB"
      selectedLauncherIdentifier = "Xcode.DebuggerFoundation.Launcher.LLDB"
      launchStyle = "0"
      useCustomWorkingDirectory = "NO"
      ignoresPersistentStateOnLaunch = "NO"
      debugDocumentVersioning = "YES"
      debugServiceExtension = "internal"
      allowLocationSimulation = "YES">
      <BuildableProductRunnable
         runnableDebuggingMode = "0">
         <BuildableReference
            BuildableIdentifier = "primary"
            BlueprintIdentifier = "B00E11202A2F1E7D000EE804"
            BuildableName = "FlipMe-OpenSource.app"
            BlueprintName = "FlipMe-OpenSource"
            ReferencedContainer = "container:FlipMe-OpenSource.xcodeproj">
         </BuildableReference>
      </BuildableProductRunnable>
      <MacroExpansion>
         <BuildableReference
            BuildableIdentifier = "primary"
            BlueprintIdentifier = "B00E11202A2F1E7D000EE804"
            BuildableName = "Concentration-Storyboard.app"
            BlueprintName = "Concentration-Storyboard"
            ReferencedContainer = "container:FlipMe-OpenSourcePart.xcodeproj">
         </BuildableReference>
      </MacroExpansion>
   </LaunchAction>
   <ProfileAction
      buildConfiguration = "Release"
      shouldUseLaunchSchemeArgsEnv = "YES"
      savedToolIdentifier = ""
      useCustomWorkingDirectory = "NO"
      debugDocumentVersioning = "YES">
      <BuildableProductRunnable
         runnableDebuggingMode = "0">
         <BuildableReference
            BuildableIdentifier = "primary"
            BlueprintIdentifier = "B00E11202A2F1E7D000EE804"
            BuildableName = "Concentration-Storyboard.app"
            BlueprintName = "Concentration-Storyboard"
            ReferencedContainer = "container:FlipMe-OpenSourcePart.xcodeproj">
         </BuildableReference>
      </BuildableProductRunnable>
      <MacroExpansion>
         <BuildableReference
            BuildableIdentifier = "primary"
            BlueprintIdentifier = "B00E11202A2F1E7D000EE804"
            BuildableName = "Concentration-Storyboard.app"
            BlueprintName = "Concentration-Storyboard"
            ReferencedContainer = "container:FlipMe-OpenSourcePart.xcodeproj">
         </BuildableReference>
      </MacroExpansion>
   </ProfileAction>
   <AnalyzeAction
      buildConfiguration = "Debug">
   </AnalyzeAction>
   <ArchiveAction
      buildConfiguration = "Release"
      revealArchiveInOrganizer = "YES">
   </ArchiveAction>
</Scheme>
